// !$*UTF8*$!
{
	archiveVersion = 1;
	classes = {
	};
	objectVersion = 77;
	objects = {

/* Begin PBXBuildFile section */
		A1A1A1A22F5700000000A002 /* Attendance.swift in Sources */ = {isa = PBXBuildFile; fileRef = A1A1A1A12F5700000000A001 /* Attendance.swift */; };
		B5E60B192EDAA77900B22C44 /* ContentView.swift in Sources */ = {isa = PBXBuildFile; fileRef = B5E60B182EDAA77900B22C44 /* ContentView.swift */; };
		B5E60B272EDAAE0A00B22C44 /* Player.swift in Sources */ = {isa = PBXBuildFile; fileRef = B5E60B262EDAAE0A00B22C44 /* Player.swift */; };
		B5E60B292EDAAE7600B22C44 /* Game.swift in Sources */ = {isa = PBXBuildFile; fileRef = B5E60B282EDAAE7600B22C44 /* Game.swift */; };
		B5E60B2B2EDAAEE900B22C44 /* PlayerGamesView.swift in Sources */ = {isa = PBXBuildFile; fileRef = B5E60B2A2EDAAEE900B22C44 /* PlayerGamesView.swift */; };
		B5E60B2D2EDAAFA200B22C44 /* ProfileView.swift in Sources */ = {isa = PBXBuildFile; fileRef = B5E60B2C2EDAAFA200B22C44 /* ProfileView.swift */; };
		B5E60B352EDE6E0E00B22C44 /* Utilities.swift in Sources */ = {isa = PBXBuildFile; fileRef = B5E60B342EDE6E0E00B22C44 /* Utilities.swift */; };
		B5E60B372EDEA79E00B22C44 /* 2025.csv in Resources */ = {isa = PBXBuildFile; fileRef = B5E60B362EDEA79E00B22C44 /* 2025.csv */; };
		B5E60B392EDEA7AA00B22C44 /* ATP_Database.csv in Resources */ = {isa = PBXBuildFile; fileRef = B5E60B382EDEA7AA00B22C44 /* ATP_Database.csv */; };
		B5E60B412EE3FB6300B22C44 /* 2024.csv in Resources */ = {isa = PBXBuildFile; fileRef = B5E60B402EE3FB6300B22C44 /* 2024.csv */; };
		C0C0C0022F5800000000C020 /* 2020.csv in Resources */ = {isa = PBXBuildFile; fileRef = C0C0C0012F5800000000C020 /* 2020.csv */; };
		C0C0C0042F5800000000C021 /* 2021.csv in Resources */ = {isa = PBXBuildFile; fileRef = C0C0C0032F5800000000C021 /* 2021.csv */; };
		C0C0C0062F5800000000C022 /* 2022.csv in Resources */ = {isa = PBXBuildFile; fileRef = C0C0C0052F5800000000C022 /* 2022.csv */; };
		C0C0C0082F5800000000C023 /* 2023.csv in Resources */ = {isa = PBXBuildFile; fileRef = C0C0C0072F5800000000C023 /* 2023.csv */; };
		E1E1E1022F6000000000E026 /* 2026.csv in Resources */ = {isa = PBXBuildFile; fileRef = E1E1E1012F6000000000E026 /* 2026.csv */; };
		F2F2F2022F8000000000F226 /* 2026_seed.csv in Resources */ = {isa = PBXBuildFile; fileRef = F2F2F2012F8000000000F226 /* 2026_seed.csv */; };
/* End PBXBuildFile section */

/* Begin PBXFileReference section */
		A1A1A1A12F5700000000A001 /* Attendance.swift */ = {isa = PBXFileReference; lastKnownFileType = sourcecode.swift; path = Attendance.swift; sourceTree = "<group>"; };
		B5E60B132EDAA77900B22C44 /* TennisFanApp.app */ = {isa = PBXFileReference; explicitFileType = wrapper.application; includeInIndex = 0; path = TennisFanApp.app; sourceTree = BUILT_PRODUCTS_DIR; };
		B5E60B182EDAA77900B22C44 /* ContentView.swift */ = {isa = PBXFileReference; lastKnownFileType = sourcecode.swift; path = ContentView.swift; sourceTree = "<group>"; };
		B5E60B262EDAAE0A00B22C44 /* Player.swift */ = {isa = PBXFileReference; lastKnownFileType = sourcecode.swift; path = Player.swift; sourceTree = "<group>"; };
		B5E60B282EDAAE7600B22C44 /* Game.swift */ = {isa = PBXFileReference; lastKnownFileType = sourcecode.swift; path = Game.swift; sourceTree = "<group>"; };
		B5E60B2A2EDAAEE900B22C44 /* PlayerGamesView.swift */ = {isa = PBXFileReference; lastKnownFileType = sourcecode.swift; path = PlayerGamesView.swift; sourceTree = "<group>"; };
		B5E60B2C2EDAAFA200B22C44 /* ProfileView.swift */ = {isa = PBXFileReference; lastKnownFileType = sourcecode.swift; path = ProfileView.swift; sourceTree = "<group>"; };
		B5E60B342EDE6E0E00B22C44 /* Utilities.swift */ = {isa = PBXFileReference; lastKnownFileType = sourcecode.swift; path = Utilities.swift; sourceTree = "<group>"; };
		B5E60B362EDEA79E00B22C44 /* 2025.csv */ = {isa = PBXFileReference; lastKnownFileType = text; path = 2025.csv; sourceTree = "<group>"; };
		B5E60B382EDEA7AA00B22C44 /* ATP_Database.csv */ = {isa = PBXFileReference; lastKnownFileType = text; path = ATP_Database.csv; sourceTree = "<group>"; };
		B5E60B402EE3FB6300B22C44 /* 2024.csv */ = {isa = PBXFileReference; lastKnownFileType = text; path = 2024.csv; sourceTree = "<group>"; };
		C0C0C0012F5800000000C020 /* 2020.csv */ = {isa = PBXFileReference; lastKnownFileType = text; path = 2020.csv; sourceTree = "<group>"; };
		C0C0C0032F5800000000C021 /* 2021.csv */ = {isa = PBXFileReference; lastKnownFileType = text; path = 2021.csv; sourceTree = "<group>"; };
		C0C0C0052F5800000000C022 /* 2022.csv */ = {isa = PBXFileReference; lastKnownFileType = text; path = 2022.csv; sourceTree = "<group>"; };
		C0C0C0072F5800000000C023 /* 2023.csv */ = {isa = PBXFileReference; lastKnownFileType = text; path = 2023.csv; sourceTree = "<group>"; };
		E1E1E1012F6000000000E026 /* 2026.csv */ = {isa = PBXFileReference; lastKnownFileType = text; path = 2026.csv; sourceTree = "<group>"; };
		F2F2F2012F8000000000F226 /* 2026_seed.csv */ = {isa = PBXFileReference; lastKnownFileType = text; path = 2026_seed.csv; sourceTree = "<group>"; };
/* End PBXFileReference section */

/* Begin PBXFileSystemSynchronizedRootGroup section */
		B5E60B152EDAA77900B22C44 /* TennisFanApp */ = {
			isa = PBXFileSystemSynchronizedRootGroup;
			path = TennisFanApp;
			sourceTree = "<group>";
		};
/* End PBXFileSystemSynchronizedRootGroup section */

/* Begin PBXFrameworksBuildPhase section */
		B5E60B102EDAA77900B22C44 /* Frameworks */ = {
			isa = PBXFrameworksBuildPhase;
			buildActionMask = 2147483647;
			files = (
			);
			runOnlyForDeploymentPostprocessing = 0;
		};
/* End PBXFrameworksBuildPhase section */

/* Begin PBXGroup section */
		B5E60B0A2EDAA77900B22C44 = {
			isa = PBXGroup;
			children = (
				B5E60B402EE3FB6300B22C44 /* 2024.csv */,
				C0C0C0012F5800000000C020 /* 2020.csv */,
				C0C0C0032F5800000000C021 /* 2021.csv */,
				C0C0C0052F5800000000C022 /* 2022.csv */,
				C0C0C0072F5800000000C023 /* 2023.csv */,
				B5E60B362EDEA79E00B22C44 /* 2025.csv */,
				F2F2F2012F8000000000F226 /* 2026_seed.csv */,
				E1E1E1012F6000000000E026 /* 2026.csv */,
				B5E60B382EDEA7AA00B22C44 /* ATP_Database.csv */,
				B5E60B342EDE6E0E00B22C44 /* Utilities.swift */,
				B5E60B252EDAAC6400B22C44 /* ViewModels */,
				B5E60B242EDAAC5B00B22C44 /* Views */,
				B5E60B232EDAA7BD00B22C44 /* Models */,
				B5E60B142EDAA77900B22C44 /* Products */,
				B5E60B152EDAA77900B22C44 /* TennisFanApp */,
			);
			sourceTree = "<group>";
		};
		B5E60B142EDAA77900B22C44 /* Products */ = {
			isa = PBXGroup;
			children = (
				B5E60B132EDAA77900B22C44 /* TennisFanApp.app */,
			);
			name = Products;
			sourceTree = "<group>";
		};
		B5E60B232EDAA7BD00B22C44 /* Models */ = {
			isa = PBXGroup;
			children = (
				B5E60B262EDAAE0A00B22C44 /* Player.swift */,
				A1A1A1A12F5700000000A001 /* Attendance.swift */,
				B5E60B282EDAAE7600B22C44 /* Game.swift */,
			);
			path = Models;
			sourceTree = "<group>";
		};
		B5E60B242EDAAC5B00B22C44 /* Views */ = {
			isa = PBXGroup;
			children = (
				B5E60B182EDAA77900B22C44 /* ContentView.swift */,
				B5E60B2A2EDAAEE900B22C44 /* PlayerGamesView.swift */,
				B5E60B2C2EDAAFA200B22C44 /* ProfileView.swift */,
			);
			path = Views;
			sourceTree = "<group>";
		};
		B5E60B252EDAAC6400B22C44 /* ViewModels */ = {
			isa = PBXGroup;
			children = (
			);
			path = ViewModels;
			sourceTree = "<group>";
		};
/* End PBXGroup section */

/* Begin PBXNativeTarget section */
		B5E60B122EDAA77900B22C44 /* TennisFanApp */ = {
			isa = PBXNativeTarget;
			buildConfigurationList = B5E60B202EDAA77D00B22C44 /* Build configuration list for PBXNativeTarget "TennisFanApp" */;
			buildPhases = (
				B5E60B0F2EDAA77900B22C44 /* Sources */,
				B5E60B102EDAA77900B22C44 /* Frameworks */,
				B5E60B112EDAA77900B22C44 /* Resources */,
			);
			buildRules = (
			);
			dependencies = (
			);
			fileSystemSynchronizedGroups = (
				B5E60B152EDAA77900B22C44 /* TennisFanApp */,
			);
			name = TennisFanApp;
			packageProductDependencies = (
			);
			productName = TennisFanApp;
			productReference = B5E60B132EDAA77900B22C44 /* TennisFanApp.app */;
			productType = "com.apple.product-type.application";
		};
/* End PBXNativeTarget section */

/* Begin PBXProject section */
		B5E60B0B2EDAA77900B22C44 /* Project object */ = {
			isa = PBXProject;
			attributes = {
				BuildIndependentTargetsInParallel = 1;
				LastSwiftUpdateCheck = 2610;
				LastUpgradeCheck = 2610;
				TargetAttributes = {
					B5E60B122EDAA77900B22C44 = {
						CreatedOnToolsVersion = 26.1.1;
					};
				};
			};
			buildConfigurationList = B5E60B0E2EDAA77900B22C44 /* Build configuration list for PBXProject "TennisFanApp" */;
			developmentRegion = en;
			hasScannedForEncodings = 0;
			knownRegions = (
				en,
				Base,
			);
			mainGroup = B5E60B0A2EDAA77900B22C44;
			minimizedProjectReferenceProxies = 1;
			preferredProjectObjectVersion = 77;
			productRefGroup = B5E60B142EDAA77900B22C44 /* Products */;
			projectDirPath = "";
			projectRoot = "";
			targets = (
				B5E60B122EDAA77900B22C44 /* TennisFanApp */,
			);
		};
/* End PBXProject section */

/* Begin PBXResourcesBuildPhase section */
		B5E60B112EDAA77900B22C44 /* Resources */ = {
			isa = PBXResourcesBuildPhase;
			buildActionMask = 2147483647;
			files = (
				B5E60B392EDEA7AA00B22C44 /* ATP_Database.csv in Resources */,
				B5E60B412EE3FB6300B22C44 /* 2024.csv in Resources */,
				C0C0C0022F5800000000C020 /* 2020.csv in Resources */,
				C0C0C0042F5800000000C021 /* 2021.csv in Resources */,
				C0C0C0062F5800000000C022 /* 2022.csv in Resources */,
				C0C0C0082F5800000000C023 /* 2023.csv in Resources */,
				B5E60B372EDEA79E00B22C44 /* 2025.csv in Resources */,
				F2F2F2022F8000000000F226 /* 2026_seed.csv in Resources */,
				E1E1E1022F6000000000E026 /* 2026.csv in Resources */,
			);
			runOnlyForDeploymentPostprocessing = 0;
		};
/* End PBXResourcesBuildPhase section */

/* Begin PBXSourcesBuildPhase section */
		B5E60B0F2EDAA77900B22C44 /* Sources */ = {
			isa = PBXSourcesBuildPhase;
			buildActionMask = 2147483647;
			files = (
				B5E60B272EDAAE0A00B22C44 /* Player.swift in Sources */,
				A1A1A1A22F5700000000A002 /* Attendance.swift in Sources */,
				B5E60B292EDAAE7600B22C44 /* Game.swift in Sources */,
				B5E60B352EDE6E0E00B22C44 /* Utilities.swift in Sources */,
				B5E60B192EDAA77900B22C44 /* ContentView.swift in Sources */,
				B5E60B2B2EDAAEE900B22C44 /* PlayerGamesView.swift in Sources */,
				B5E60B2D2EDAAFA200B22C44 /* ProfileView.swift in Sources */,
			);
			runOnlyForDeploymentPostprocessing = 0;
		};
/* End PBXSourcesBuildPhase section */

/* Begin XCBuildConfiguration section */
		B5E60B1E2EDAA77D00B22C44 /* Debug */ = {
			isa = XCBuildConfiguration;
			buildSettings = {
				ALWAYS_SEARCH_USER_PATHS = NO;
				ASSETCATALOG_COMPILER_GENERATE_SWIFT_ASSET_SYMBOL_EXTENSIONS = YES;
				CLANG_ANALYZER_NONNULL = YES;
				CLANG_ANALYZER_NUMBER_OBJECT_CONVERSION = YES_AGGRESSIVE;
				CLANG_CXX_LANGUAGE_STANDARD = "gnu++20";
				CLANG_ENABLE_MODULES = YES;
				CLANG_ENABLE_OBJC_ARC = YES;
				CLANG_ENABLE_OBJC_WEAK = YES;
				CLANG_WARN_BLOCK_CAPTURE_AUTORELEASING = YES;
				CLANG_WARN_BOOL_CONVERSION = YES;
				CLANG_WARN_COMMA = YES;
				CLANG_WARN_CONSTANT_CONVERSION = YES;
				CLANG_WARN_DEPRECATED_OBJC_IMPLEMENTATIONS = YES;
				CLANG_WARN_DIRECT_OBJC_ISA_USAGE = YES_ERROR;
				CLANG_WARN_DOCUMENTATION_COMMENTS = YES;
				CLANG_WARN_EMPTY_BODY = YES;
				CLANG_WARN_ENUM_CONVERSION = YES;
				CLANG_WARN_INFINITE_RECURSION = YES;
				CLANG_WARN_INT_CONVERSION = YES;
				CLANG_WARN_NON_LITERAL_NULL_CONVERSION = YES;
				CLANG_WARN_OBJC_IMPLICIT_RETAIN_SELF = YES;
				CLANG_WARN_OBJC_LITERAL_CONVERSION = YES;
				CLANG_WARN_OBJC_ROOT_CLASS = YES_ERROR;
				CLANG_WARN_QUOTED_INCLUDE_IN_FRAMEWORK_HEADER = YES;
				CLANG_WARN_RANGE_LOOP_ANALYSIS = YES;
				CLANG_WARN_STRICT_PROTOTYPES = YES;
				CLANG_WARN_SUSPICIOUS_MOVE = YES;
				CLANG_WARN_UNGUARDED_AVAILABILITY = YES_AGGRESSIVE;
				CLANG_WARN_UNREACHABLE_CODE = YES;
				CLANG_WARN__DUPLICATE_METHOD_MATCH = YES;
				COPY_PHASE_STRIP = NO;
				DEBUG_INFORMATION_FORMAT = dwarf;
				ENABLE_STRICT_OBJC_MSGSEND = YES;
				ENABLE_TESTABILITY = YES;
				ENABLE_USER_SCRIPT_SANDBOXING = YES;
				GCC_C_LANGUAGE_STANDARD = gnu17;
				GCC_DYNAMIC_NO_PIC = NO;
				GCC_NO_COMMON_BLOCKS = YES;
				GCC_OPTIMIZATION_LEVEL = 0;
				GCC_PREPROCESSOR_DEFINITIONS = (
					"DEBUG=1",
					"$(inherited)",
				);
				GCC_WARN_64_TO_32_BIT_CONVERSION = YES;
				GCC_WARN_ABOUT_RETURN_TYPE = YES_ERROR;
				GCC_WARN_UNDECLARED_SELECTOR = YES;
				GCC_WARN_UNINITIALIZED_AUTOS = YES_AGGRESSIVE;
				GCC_WARN_UNUSED_FUNCTION = YES;
				GCC_WARN_UNUSED_VARIABLE = YES;
				IPHONEOS_DEPLOYMENT_TARGET = 26.1;
				LOCALIZATION_PREFERS_STRING_CATALOGS = YES;
				MTL_ENABLE_DEBUG_INFO = INCLUDE_SOURCE;
				MTL_FAST_MATH = YES;
				ONLY_ACTIVE_ARCH = YES;
				SDKROOT = iphoneos;
				SWIFT_ACTIVE_COMPILATION_CONDITIONS = "DEBUG $(inherited)";
				SWIFT_OPTIMIZATION_LEVEL = "-Onone";
			};
			name = Debug;
		};
		B5E60B1F2EDAA77D00B22C44 /* Release */ = {
			isa = XCBuildConfiguration;
			buildSettings = {
				ALWAYS_SEARCH_USER_PATHS = NO;
				ASSETCATALOG_COMPILER_GENERATE_SWIFT_ASSET_SYMBOL_EXTENSIONS = YES;
				CLANG_ANALYZER_NONNULL = YES;
				CLANG_ANALYZER_NUMBER_OBJECT_CONVERSION = YES_AGGRESSIVE;
				CLANG_CXX_LANGUAGE_STANDARD = "gnu++20";
				CLANG_ENABLE_MODULES = YES;
				CLANG_ENABLE_OBJC_ARC = YES;
				CLANG_ENABLE_OBJC_WEAK = YES;
				CLANG_WARN_BLOCK_CAPTURE_AUTORELEASING = YES;
				CLANG_WARN_BOOL_CONVERSION = YES;
				CLANG_WARN_COMMA = YES;
				CLANG_WARN_CONSTANT_CONVERSION = YES;
				CLANG_WARN_DEPRECATED_OBJC_IMPLEMENTATIONS = YES;
				CLANG_WARN_DIRECT_OBJC_ISA_USAGE = YES_ERROR;
				CLANG_WARN_DOCUMENTATION_COMMENTS = YES;
				CLANG_WARN_EMPTY_BODY = YES;
				CLANG_WARN_ENUM_CONVERSION = YES;
				CLANG_WARN_INFINITE_RECURSION = YES;
				CLANG_WARN_INT_CONVERSION = YES;
				CLANG_WARN_NON_LITERAL_NULL_CONVERSION = YES;
				CLANG_WARN_OBJC_IMPLICIT_RETAIN_SELF = YES;
				CLANG_WARN_OBJC_LITERAL_CONVERSION = YES;
				CLANG_WARN_OBJC_ROOT_CLASS = YES_ERROR;
				CLANG_WARN_QUOTED_INCLUDE_IN_FRAMEWORK_HEADER = YES;
				CLANG_WARN_RANGE_LOOP_ANALYSIS = YES;
				CLANG_WARN_STRICT_PROTOTYPES = YES;
				CLANG_WARN_SUSPICIOUS_MOVE = YES;
				CLANG_WARN_UNGUARDED_AVAILABILITY = YES_AGGRESSIVE;
				CLANG_WARN_UNREACHABLE_CODE = YES;
				CLANG_WARN__DUPLICATE_METHOD_MATCH = YES;
				COPY_PHASE_STRIP = NO;
				DEBUG_INFORMATION_FORMAT = "dwarf-with-dsym";
				ENABLE_NS_ASSERTIONS = NO;
				ENABLE_STRICT_OBJC_MSGSEND = YES;
				ENABLE_USER_SCRIPT_SANDBOXING = YES;
				GCC_C_LANGUAGE_STANDARD = gnu17;
				GCC_NO_COMMON_BLOCKS = YES;
				GCC_WARN_64_TO_32_BIT_CONVERSION = YES;
				GCC_WARN_ABOUT_RETURN_TYPE = YES_ERROR;
				GCC_WARN_UNDECLARED_SELECTOR = YES;
				GCC_WARN_UNINITIALIZED_AUTOS = YES_AGGRESSIVE;
				GCC_WARN_UNUSED_FUNCTION = YES;
				GCC_WARN_UNUSED_VARIABLE = YES;
				IPHONEOS_DEPLOYMENT_TARGET = 26.1;
				LOCALIZATION_PREFERS_STRING_CATALOGS = YES;
				MTL_ENABLE_DEBUG_INFO = NO;
				MTL_FAST_MATH = YES;
				SDKROOT = iphoneos;
				SWIFT_COMPILATION_MODE = wholemodule;
				VALIDATE_PRODUCT = YES;
			};
			name = Release;
		};
		B5E60B212EDAA77D00B22C44 /* Debug */ = {
			isa = XCBuildConfiguration;
			buildSettings = {
				ASSETCATALOG_COMPILER_APPICON_NAME = AppIcon;
				ASSETCATALOG_COMPILER_GLOBAL_ACCENT_COLOR_NAME = AccentColor;
				CODE_SIGN_IDENTITY = "Apple Development";
				CODE_SIGN_STYLE = Automatic;
				CURRENT_PROJECT_VERSION = 1;
				DEVELOPMENT_TEAM = 4S2W7AVP8N;
				ENABLE_PREVIEWS = YES;
				GENERATE_INFOPLIST_FILE = YES;
				INFOPLIST_KEY_CFBundleDisplayName = "Tennis Fan";
				INFOPLIST_KEY_LSApplicationCategoryType = "public.app-category.sports";
				INFOPLIST_KEY_UIApplicationSceneManifest_Generation = YES;
				INFOPLIST_KEY_UIApplicationSupportsIndirectInputEvents = YES;
				INFOPLIST_KEY_UILaunchScreen_Generation = YES;
				INFOPLIST_KEY_UISupportedInterfaceOrientations_iPad = "UIInterfaceOrientationPortrait UIInterfaceOrientationPortraitUpsideDown UIInterfaceOrientationLandscapeLeft UIInterfaceOrientationLandscapeRight";
				INFOPLIST_KEY_UISupportedInterfaceOrientations_iPhone = "UIInterfaceOrientationPortrait UIInterfaceOrientationLandscapeLeft UIInterfaceOrientationLandscapeRight";
				LD_RUNPATH_SEARCH_PATHS = (
					"$(inherited)",
					"@executable_path/Frameworks",
				);
				MARKETING_VERSION = 1.0;
				PRODUCT_BUNDLE_IDENTIFIER = com.agendre.TennisFanApp;
				PRODUCT_NAME = "$(TARGET_NAME)";
				PROVISIONING_PROFILE_SPECIFIER = "";
				STRING_CATALOG_GENERATE_SYMBOLS = YES;
				SWIFT_APPROACHABLE_CONCURRENCY = YES;
				SWIFT_DEFAULT_ACTOR_ISOLATION = MainActor;
				SWIFT_EMIT_LOC_STRINGS = YES;
				SWIFT_UPCOMING_FEATURE_MEMBER_IMPORT_VISIBILITY = YES;
				SWIFT_VERSION = 5.0;
				TARGETED_DEVICE_FAMILY = "1,2";
			};
			name = Debug;
		};
		B5E60B222EDAA77D00B22C44 /* Release */ = {
			isa = XCBuildConfiguration;
			buildSettings = {
				ASSETCATALOG_COMPILER_APPICON_NAME = AppIcon;
				ASSETCATALOG_COMPILER_GLOBAL_ACCENT_COLOR_NAME = AccentColor;
				CODE_SIGN_STYLE = Automatic;
				CURRENT_PROJECT_VERSION = 1;
				ENABLE_PREVIEWS = YES;
				GENERATE_INFOPLIST_FILE = YES;
				INFOPLIST_KEY_CFBundleDisplayName = "Tennis Fan";
				INFOPLIST_KEY_LSApplicationCategoryType = "public.app-category.sports";
				INFOPLIST_KEY_UIApplicationSceneManifest_Generation = YES;
				INFOPLIST_KEY_UIApplicationSupportsIndirectInputEvents = YES;
				INFOPLIST_KEY_UILaunchScreen_Generation = YES;
				INFOPLIST_KEY_UISupportedInterfaceOrientations_iPad = "UIInterfaceOrientationPortrait UIInterfaceOrientationPortraitUpsideDown UIInterfaceOrientationLandscapeLeft UIInterfaceOrientationLandscapeRight";
				INFOPLIST_KEY_UISupportedInterfaceOrientations_iPhone = "UIInterfaceOrientationPortrait UIInterfaceOrientationLandscapeLeft UIInterfaceOrientationLandscapeRight";
				LD_RUNPATH_SEARCH_PATHS = (
					"$(inherited)",
					"@executable_path/Frameworks",
				);
				MARKETING_VERSION = 1.0;
				PRODUCT_BUNDLE_IDENTIFIER = com.agendre.TennisFanApp;
				PRODUCT_NAME = "$(TARGET_NAME)";
				STRING_CATALOG_GENERATE_SYMBOLS = YES;
				SWIFT_APPROACHABLE_CONCURRENCY = YES;
				SWIFT_DEFAULT_ACTOR_ISOLATION = MainActor;
				SWIFT_EMIT_LOC_STRINGS = YES;
				SWIFT_UPCOMING_FEATURE_MEMBER_IMPORT_VISIBILITY = YES;
				SWIFT_VERSION = 5.0;
				TARGETED_DEVICE_FAMILY = "1,2";
			};
			name = Release;
		};
/* End XCBuildConfiguration section */

/* Begin XCConfigurationList section */
		B5E60B0E2EDAA77900B22C44 /* Build configuration list for PBXProject "TennisFanApp" */ = {
			isa = XCConfigurationList;
			buildConfigurations = (
				B5E60B1E2EDAA77D00B22C44 /* Debug */,
				B5E60B1F2EDAA77D00B22C44 /* Release */,
			);
			defaultConfigurationIsVisible = 0;
			defaultConfigurationName = Release;
		};
		B5E60B202EDAA77D00B22C44 /* Build configuration list for PBXNativeTarget "TennisFanApp" */ = {
			isa = XCConfigurationList;
			buildConfigurations = (
				B5E60B212EDAA77D00B22C44 /* Debug */,
				B5E60B222EDAA77D00B22C44 /* Release */,
			);
			defaultConfigurationIsVisible = 0;
			defaultConfigurationName = Release;
		};
/* End XCConfigurationList section */
	};
	rootObject = B5E60B0B2EDAA77900B22C44 /* Project object */;
}
